<!--
  SPDX-FileCopyrightText: (C) 2026 dffdff2423 <dffdff2423@gmail.com>

  SPDX-License-Identifier: GPL-3.0-only
-->

<Solution>
  <Project Path="YamlWarrior.Common/YamlWarrior.Common.csproj" />
  <Project Path="YamlWarrior.JsonRPC.Tests/YamlWarrior.JsonRPC.Tests.csproj" />
  <Project Path="YamlWarrior.JsonRPC/YamlWarrior.JsonRPC.csproj" />
  <Project Path="YamlWarrior.Robust/YamlWarrior.Robust.csproj" />
  <Project Path="YamlWarrior/YamlWarrior.csproj" />
</Solution>
